
Microsoft Visual Studio Solution File, Format Version 12.00
# Visual Studio 15
VisualStudioVersion = 15.0.28307.1622
MinimumVisualStudioVersion = 10.0.40219.1
Project("{8BC9CEB8-8B4A-11D0-8D11-00A0C91BC942}") = "helloTriangle", "helloTriangle\helloTriangle.vcxproj", "{5EE24543-5567-4FCD-AAA7-749D970123A8}"
EndProject
Global
	GlobalSection(SolutionConfigurationPlatforms) = preSolution
		Debug|x64 = Debug|x64
		Debug|x86 = Debug|x86
		Release|x64 = Release|x64
		Release|x86 = Release|x86
	EndGlobalSection
	GlobalSection(ProjectConfigurationPlatforms) = postSolution
		{5EE24543-5567-4FCD-AAA7-749D970123A8}.Debug|x64.ActiveCfg = Debug|x64
		{5EE24543-5567-4FCD-AAA7-749D970123A8}.Debug|x64.Build.0 = Debug|x64
		{5EE24543-5567-4FCD-AAA7-749D970123A8}.Debug|x86.ActiveCfg = Debug|Win32
		{5EE24543-5567-4FCD-AAA7-749D970123A8}.Debug|x86.Build.0 = Debug|Win32
		{5EE24543-5567-4FCD-AAA7-749D970123A8}.Release|x64.ActiveCfg = Release|x64
		{5EE24543-5567-4FCD-AAA7-749D970123A8}.Release|x64.Build.0 = Release|x64
		{5EE24543-5567-4FCD-AAA7-749D970123A8}.Release|x86.ActiveCfg = Release|Win32
		{5EE24543-5567-4FCD-AAA7-749D970123A8}.Release|x86.Build.0 = Release|Win32
	EndGlobalSection
	GlobalSection(SolutionProperties) = preSolution
		HideSolutionNode = FALSE
	EndGlobalSection
	GlobalSection(ExtensibilityGlobals) = postSolution
		SolutionGuid = {4127A9F5-D7A4-48E6-9C8C-DDFAB42EABF5}
	EndGlobalSection
EndGlobal
