
Microsoft Visual Studio Solution File, Format Version 12.00
# Visual Studio 15
VisualStudioVersion = 15.0.28307.1585
MinimumVisualStudioVersion = 10.0.40219.1
Project("{8BC9CEB8-8B4A-11D0-8D11-00A0C91BC942}") = "window", "window\window.vcxproj", "{76A335CC-2C5B-4AEC-B4C4-6007FCB5D597}"
EndProject
Global
	GlobalSection(SolutionConfigurationPlatforms) = preSolution
		Debug|x64 = Debug|x64
		Debug|x86 = Debug|x86
		Release|x64 = Release|x64
		Release|x86 = Release|x86
	EndGlobalSection
	GlobalSection(ProjectConfigurationPlatforms) = postSolution
		{76A335CC-2C5B-4AEC-B4C4-6007FCB5D597}.Debug|x64.ActiveCfg = Debug|x64
		{76A335CC-2C5B-4AEC-B4C4-6007FCB5D597}.Debug|x64.Build.0 = Debug|x64
		{76A335CC-2C5B-4AEC-B4C4-6007FCB5D597}.Debug|x86.ActiveCfg = Debug|Win32
		{76A335CC-2C5B-4AEC-B4C4-6007FCB5D597}.Debug|x86.Build.0 = Debug|Win32
		{76A335CC-2C5B-4AEC-B4C4-6007FCB5D597}.Release|x64.ActiveCfg = Release|x64
		{76A335CC-2C5B-4AEC-B4C4-6007FCB5D597}.Release|x64.Build.0 = Release|x64
		{76A335CC-2C5B-4AEC-B4C4-6007FCB5D597}.Release|x86.ActiveCfg = Release|Win32
		{76A335CC-2C5B-4AEC-B4C4-6007FCB5D597}.Release|x86.Build.0 = Release|Win32
	EndGlobalSection
	GlobalSection(SolutionProperties) = preSolution
		HideSolutionNode = FALSE
	EndGlobalSection
	GlobalSection(ExtensibilityGlobals) = postSolution
		SolutionGuid = {B2EDC1DE-27EB-4832-BF31-708CDAB1E8B9}
	EndGlobalSection
EndGlobal
